// !$*UTF8*$!
{
	archiveVersion = 1;
	classes = {
	};
	objectVersion = 50;
	objects = {

/* Begin PBXBuildFile section */
		D6B649ED2616D58100F7821E /* Day60ChallengeJSONApp.swift in Sources */ = {isa = PBXBuildFile; fileRef = D6B649EC2616D58100F7821E /* Day60ChallengeJSONApp.swift */; };
		D6B649EF2616D58100F7821E /* ContentView.swift in Sources */ = {isa = PBXBuildFile; fileRef = D6B649EE2616D58100F7821E /* ContentView.swift */; };
		D6B649F12616D58500F7821E /* Assets.xcassets in Resources */ = {isa = PBXBuildFile; fileRef = D6B649F02616D58500F7821E /* Assets.xcassets */; };
		D6B649F42616D58500F7821E /* Preview Assets.xcassets in Resources */ = {isa = PBXBuildFile; fileRef = D6B649F32616D58500F7821E /* Preview Assets.xcassets */; };
		D6B649F62616D58500F7821E /* Persistence.swift in Sources */ = {isa = PBXBuildFile; fileRef = D6B649F52616D58500F7821E /* Persistence.swift */; };
		D6B649F92616D58500F7821E /* Day60ChallengeJSON.xcdatamodeld in Sources */ = {isa = PBXBuildFile; fileRef = D6B649F72616D58500F7821E /* Day60ChallengeJSON.xcdatamodeld */; };
		D6B64A042616D72100F7821E /* User.swift in Sources */ = {isa = PBXBuildFile; fileRef = D6B64A032616D72100F7821E /* User.swift */; };
		D6B64A0C2616F08500F7821E /* FetchingUsers.swift in Sources */ = {isa = PBXBuildFile; fileRef = D6B64A0B2616F08500F7821E /* FetchingUsers.swift */; };
		D6B64A0F2616F88500F7821E /* userDetails.swift in Sources */ = {isa = PBXBuildFile; fileRef = D6B64A0E2616F88500F7821E /* userDetails.swift */; };
/* End PBXBuildFile section */

/* Begin PBXFileReference section */
		D6B649E92616D58100F7821E /* Day60ChallengeJSON.app */ = {isa = PBXFileReference; explicitFileType = wrapper.application; includeInIndex = 0; path = Day60ChallengeJSON.app; sourceTree = BUILT_PRODUCTS_DIR; };
		D6B649EC2616D58100F7821E /* Day60ChallengeJSONApp.swift */ = {isa = PBXFileReference; lastKnownFileType = sourcecode.swift; path = Day60ChallengeJSONApp.swift; sourceTree = "<group>"; };
		D6B649EE2616D58100F7821E /* ContentView.swift */ = {isa = PBXFileReference; lastKnownFileType = sourcecode.swift; path = ContentView.swift; sourceTree = "<group>"; };
		D6B649F02616D58500F7821E /* Assets.xcassets */ = {isa = PBXFileReference; lastKnownFileType = folder.assetcatalog; path = Assets.xcassets; sourceTree = "<group>"; };
		D6B649F32616D58500F7821E /* Preview Assets.xcassets */ = {isa = PBXFileReference; lastKnownFileType = folder.assetcatalog; path = "Preview Assets.xcassets"; sourceTree = "<group>"; };
		D6B649F52616D58500F7821E /* Persistence.swift */ = {isa = PBXFileReference; lastKnownFileType = sourcecode.swift; path = Persistence.swift; sourceTree = "<group>"; };
		D6B649F82616D58500F7821E /* Day60ChallengeJSON.xcdatamodel */ = {isa = PBXFileReference; lastKnownFileType = wrapper.xcdatamodel; path = Day60ChallengeJSON.xcdatamodel; sourceTree = "<group>"; };
		D6B649FA2616D58500F7821E /* Info.plist */ = {isa = PBXFileReference; lastKnownFileType = text.plist.xml; path = Info.plist; sourceTree = "<group>"; };
		D6B64A032616D72100F7821E /* User.swift */ = {isa = PBXFileReference; lastKnownFileType = sourcecode.swift; path = User.swift; sourceTree = "<group>"; };
		D6B64A0B2616F08500F7821E /* FetchingUsers.swift */ = {isa = PBXFileReference; lastKnownFileType = sourcecode.swift; path = FetchingUsers.swift; sourceTree = "<group>"; };
		D6B64A0E2616F88500F7821E /* userDetails.swift */ = {isa = PBXFileReference; lastKnownFileType = sourcecode.swift; path = userDetails.swift; sourceTree = "<group>"; };
/* End PBXFileReference section */

/* Begin PBXFrameworksBuildPhase section */
		D6B649E62616D58100F7821E /* Frameworks */ = {
			isa = PBXFrameworksBuildPhase;
			buildActionMask = 2147483647;
			files = (
			);
			runOnlyForDeploymentPostprocessing = 0;
		};
/* End PBXFrameworksBuildPhase section */

/* Begin PBXGroup section */
		D6B649E02616D58100F7821E = {
			isa = PBXGroup;
			children = (
				D6B649EB2616D58100F7821E /* Day60ChallengeJSON */,
				D6B649EA2616D58100F7821E /* Products */,
			);
			sourceTree = "<group>";
		};
		D6B649EA2616D58100F7821E /* Products */ = {
			isa = PBXGroup;
			children = (
				D6B649E92616D58100F7821E /* Day60ChallengeJSON.app */,
			);
			name = Products;
			sourceTree = "<group>";
		};
		D6B649EB2616D58100F7821E /* Day60ChallengeJSON */ = {
			isa = PBXGroup;
			children = (
				D6B649EC2616D58100F7821E /* Day60ChallengeJSONApp.swift */,
				D6B649EE2616D58100F7821E /* ContentView.swift */,
				D6B64A0E2616F88500F7821E /* userDetails.swift */,
				D6B64A032616D72100F7821E /* User.swift */,
				D6B64A0B2616F08500F7821E /* FetchingUsers.swift */,
				D6B649F02616D58500F7821E /* Assets.xcassets */,
				D6B649F52616D58500F7821E /* Persistence.swift */,
				D6B649FA2616D58500F7821E /* Info.plist */,
				D6B649F72616D58500F7821E /* Day60ChallengeJSON.xcdatamodeld */,
				D6B649F22616D58500F7821E /* Preview Content */,
			);
			path = Day60ChallengeJSON;
			sourceTree = "<group>";
		};
		D6B649F22616D58500F7821E /* Preview Content */ = {
			isa = PBXGroup;
			children = (
				D6B649F32616D58500F7821E /* Preview Assets.xcassets */,
			);
			path = "Preview Content";
			sourceTree = "<group>";
		};
/* End PBXGroup section */

/* Begin PBXNativeTarget section */
		D6B649E82616D58100F7821E /* Day60ChallengeJSON */ = {
			isa = PBXNativeTarget;
			buildConfigurationList = D6B649FD2616D58500F7821E /* Build configuration list for PBXNativeTarget "Day60ChallengeJSON" */;
			buildPhases = (
				D6B649E52616D58100F7821E /* Sources */,
				D6B649E62616D58100F7821E /* Frameworks */,
				D6B649E72616D58100F7821E /* Resources */,
			);
			buildRules = (
			);
			dependencies = (
			);
			name = Day60ChallengeJSON;
			productName = Day60ChallengeJSON;
			productReference = D6B649E92616D58100F7821E /* Day60ChallengeJSON.app */;
			productType = "com.apple.product-type.application";
		};
/* End PBXNativeTarget section */

/* Begin PBXProject section */
		D6B649E12616D58100F7821E /* Project object */ = {
			isa = PBXProject;
			attributes = {
				LastSwiftUpdateCheck = 1240;
				LastUpgradeCheck = 1240;
				TargetAttributes = {
					D6B649E82616D58100F7821E = {
						CreatedOnToolsVersion = 12.4;
					};
				};
			};
			buildConfigurationList = D6B649E42616D58100F7821E /* Build configuration list for PBXProject "Day60ChallengeJSON" */;
			compatibilityVersion = "Xcode 9.3";
			developmentRegion = en;
			hasScannedForEncodings = 0;
			knownRegions = (
				en,
				Base,
			);
			mainGroup = D6B649E02616D58100F7821E;
			productRefGroup = D6B649EA2616D58100F7821E /* Products */;
			projectDirPath = "";
			projectRoot = "";
			targets = (
				D6B649E82616D58100F7821E /* Day60ChallengeJSON */,
			);
		};
/* End PBXProject section */

/* Begin PBXResourcesBuildPhase section */
		D6B649E72616D58100F7821E /* Resources */ = {
			isa = PBXResourcesBuildPhase;
			buildActionMask = 2147483647;
			files = (
				D6B649F42616D58500F7821E /* Preview Assets.xcassets in Resources */,
				D6B649F12616D58500F7821E /* Assets.xcassets in Resources */,
			);
			runOnlyForDeploymentPostprocessing = 0;
		};
/* End PBXResourcesBuildPhase section */

/* Begin PBXSourcesBuildPhase section */
		D6B649E52616D58100F7821E /* Sources */ = {
			isa = PBXSourcesBuildPhase;
			buildActionMask = 2147483647;
			files = (
				D6B649F92616D58500F7821E /* Day60ChallengeJSON.xcdatamodeld in Sources */,
				D6B649F62616D58500F7821E /* Persistence.swift in Sources */,
				D6B649EF2616D58100F7821E /* ContentView.swift in Sources */,
				D6B64A042616D72100F7821E /* User.swift in Sources */,
				D6B64A0F2616F88500F7821E /* userDetails.swift in Sources */,
				D6B64A0C2616F08500F7821E /* FetchingUsers.swift in Sources */,
				D6B649ED2616D58100F7821E /* Day60ChallengeJSONApp.swift in Sources */,
			);
			runOnlyForDeploymentPostprocessing = 0;
		};
/* End PBXSourcesBuildPhase section */

/* Begin XCBuildConfiguration section */
		D6B649FB2616D58500F7821E /* Debug */ = {
			isa = XCBuildConfiguration;
			buildSettings = {
				ALWAYS_SEARCH_USER_PATHS = NO;
				CLANG_ANALYZER_NONNULL = YES;
				CLANG_ANALYZER_NUMBER_OBJECT_CONVERSION = YES_AGGRESSIVE;
				CLANG_CXX_LANGUAGE_STANDARD = "gnu++14";
				CLANG_CXX_LIBRARY = "libc++";
				CLANG_ENABLE_MODULES = YES;
				CLANG_ENABLE_OBJC_ARC = YES;
				CLANG_ENABLE_OBJC_WEAK = YES;
				CLANG_WARN_BLOCK_CAPTURE_AUTORELEASING = YES;
				CLANG_WARN_BOOL_CONVERSION = YES;
				CLANG_WARN_COMMA = YES;
				CLANG_WARN_CONSTANT_CONVERSION = YES;
				CLANG_WARN_DEPRECATED_OBJC_IMPLEMENTATIONS = YES;
				CLANG_WARN_DIRECT_OBJC_ISA_USAGE = YES_ERROR;
				CLANG_WARN_DOCUMENTATION_COMMENTS = YES;
				CLANG_WARN_EMPTY_BODY = YES;
				CLANG_WARN_ENUM_CONVERSION = YES;
				CLANG_WARN_INFINITE_RECURSION = YES;
				CLANG_WARN_INT_CONVERSION = YES;
				CLANG_WARN_NON_LITERAL_NULL_CONVERSION = YES;
				CLANG_WARN_OBJC_IMPLICIT_RETAIN_SELF = YES;
				CLANG_WARN_OBJC_LITERAL_CONVERSION = YES;
				CLANG_WARN_OBJC_ROOT_CLASS = YES_ERROR;
				CLANG_WARN_QUOTED_INCLUDE_IN_FRAMEWORK_HEADER = YES;
				CLANG_WARN_RANGE_LOOP_ANALYSIS = YES;
				CLANG_WARN_STRICT_PROTOTYPES = YES;
				CLANG_WARN_SUSPICIOUS_MOVE = YES;
				CLANG_WARN_UNGUARDED_AVAILABILITY = YES_AGGRESSIVE;
				CLANG_WARN_UNREACHABLE_CODE = YES;
				CLANG_WARN__DUPLICATE_METHOD_MATCH = YES;
				COPY_PHASE_STRIP = NO;
				DEBUG_INFORMATION_FORMAT = dwarf;
				ENABLE_STRICT_OBJC_MSGSEND = YES;
				ENABLE_TESTABILITY = YES;
				GCC_C_LANGUAGE_STANDARD = gnu11;
				GCC_DYNAMIC_NO_PIC = NO;
				GCC_NO_COMMON_BLOCKS = YES;
				GCC_OPTIMIZATION_LEVEL = 0;
				GCC_PREPROCESSOR_DEFINITIONS = (
					"DEBUG=1",
					"$(inherited)",
				);
				GCC_WARN_64_TO_32_BIT_CONVERSION = YES;
				GCC_WARN_ABOUT_RETURN_TYPE = YES_ERROR;
				GCC_WARN_UNDECLARED_SELECTOR = YES;
				GCC_WARN_UNINITIALIZED_AUTOS = YES_AGGRESSIVE;
				GCC_WARN_UNUSED_FUNCTION = YES;
				GCC_WARN_UNUSED_VARIABLE = YES;
				IPHONEOS_DEPLOYMENT_TARGET = 14.4;
				MTL_ENABLE_DEBUG_INFO = INCLUDE_SOURCE;
				MTL_FAST_MATH = YES;
				ONLY_ACTIVE_ARCH = YES;
				SDKROOT = iphoneos;
				SWIFT_ACTIVE_COMPILATION_CONDITIONS = DEBUG;
				SWIFT_OPTIMIZATION_LEVEL = "-Onone";
			};
			name = Debug;
		};
		D6B649FC2616D58500F7821E /* Release */ = {
			isa = XCBuildConfiguration;
			buildSettings = {
				ALWAYS_SEARCH_USER_PATHS = NO;
				CLANG_ANALYZER_NONNULL = YES;
				CLANG_ANALYZER_NUMBER_OBJECT_CONVERSION = YES_AGGRESSIVE;
				CLANG_CXX_LANGUAGE_STANDARD = "gnu++14";
				CLANG_CXX_LIBRARY = "libc++";
				CLANG_ENABLE_MODULES = YES;
				CLANG_ENABLE_OBJC_ARC = YES;
				CLANG_ENABLE_OBJC_WEAK = YES;
				CLANG_WARN_BLOCK_CAPTURE_AUTORELEASING = YES;
				CLANG_WARN_BOOL_CONVERSION = YES;
				CLANG_WARN_COMMA = YES;
				CLANG_WARN_CONSTANT_CONVERSION = YES;
				CLANG_WARN_DEPRECATED_OBJC_IMPLEMENTATIONS = YES;
				CLANG_WARN_DIRECT_OBJC_ISA_USAGE = YES_ERROR;
				CLANG_WARN_DOCUMENTATION_COMMENTS = YES;
				CLANG_WARN_EMPTY_BODY = YES;
				CLANG_WARN_ENUM_CONVERSION = YES;
				CLANG_WARN_INFINITE_RECURSION = YES;
				CLANG_WARN_INT_CONVERSION = YES;
				CLANG_WARN_NON_LITERAL_NULL_CONVERSION = YES;
				CLANG_WARN_OBJC_IMPLICIT_RETAIN_SELF = YES;
				CLANG_WARN_OBJC_LITERAL_CONVERSION = YES;
				CLANG_WARN_OBJC_ROOT_CLASS = YES_ERROR;
				CLANG_WARN_QUOTED_INCLUDE_IN_FRAMEWORK_HEADER = YES;
				CLANG_WARN_RANGE_LOOP_ANALYSIS = YES;
				CLANG_WARN_STRICT_PROTOTYPES = YES;
				CLANG_WARN_SUSPICIOUS_MOVE = YES;
				CLANG_WARN_UNGUARDED_AVAILABILITY = YES_AGGRESSIVE;
				CLANG_WARN_UNREACHABLE_CODE = YES;
				CLANG_WARN__DUPLICATE_METHOD_MATCH = YES;
				COPY_PHASE_STRIP = NO;
				DEBUG_INFORMATION_FORMAT = "dwarf-with-dsym";
				ENABLE_NS_ASSERTIONS = NO;
				ENABLE_STRICT_OBJC_MSGSEND = YES;
				GCC_C_LANGUAGE_STANDARD = gnu11;
				GCC_NO_COMMON_BLOCKS = YES;
				GCC_WARN_64_TO_32_BIT_CONVERSION = YES;
				GCC_WARN_ABOUT_RETURN_TYPE = YES_ERROR;
				GCC_WARN_UNDECLARED_SELECTOR = YES;
				GCC_WARN_UNINITIALIZED_AUTOS = YES_AGGRESSIVE;
				GCC_WARN_UNUSED_FUNCTION = YES;
				GCC_WARN_UNUSED_VARIABLE = YES;
				IPHONEOS_DEPLOYMENT_TARGET = 14.4;
				MTL_ENABLE_DEBUG_INFO = NO;
				MTL_FAST_MATH = YES;
				SDKROOT = iphoneos;
				SWIFT_COMPILATION_MODE = wholemodule;
				SWIFT_OPTIMIZATION_LEVEL = "-O";
				VALIDATE_PRODUCT = YES;
			};
			name = Release;
		};
		D6B649FE2616D58500F7821E /* Debug */ = {
			isa = XCBuildConfiguration;
			buildSettings = {
				ASSETCATALOG_COMPILER_APPICON_NAME = AppIcon;
				ASSETCATALOG_COMPILER_GLOBAL_ACCENT_COLOR_NAME = AccentColor;
				CODE_SIGN_STYLE = Automatic;
				DEVELOPMENT_ASSET_PATHS = "\"Day60ChallengeJSON/Preview Content\"";
				DEVELOPMENT_TEAM = Z9UFZ937K2;
				ENABLE_PREVIEWS = YES;
				INFOPLIST_FILE = Day60ChallengeJSON/Info.plist;
				IPHONEOS_DEPLOYMENT_TARGET = 14.0;
				LD_RUNPATH_SEARCH_PATHS = (
					"$(inherited)",
					"@executable_path/Frameworks",
				);
				PRODUCT_BUNDLE_IDENTIFIER = com.aljarba.Day60ChallengeJSON;
				PRODUCT_NAME = "$(TARGET_NAME)";
				SWIFT_VERSION = 5.0;
				TARGETED_DEVICE_FAMILY = "1,2";
			};
			name = Debug;
		};
		D6B649FF2616D58500F7821E /* Release */ = {
			isa = XCBuildConfiguration;
			buildSettings = {
				ASSETCATALOG_COMPILER_APPICON_NAME = AppIcon;
				ASSETCATALOG_COMPILER_GLOBAL_ACCENT_COLOR_NAME = AccentColor;
				CODE_SIGN_STYLE = Automatic;
				DEVELOPMENT_ASSET_PATHS = "\"Day60ChallengeJSON/Preview Content\"";
				DEVELOPMENT_TEAM = Z9UFZ937K2;
				ENABLE_PREVIEWS = YES;
				INFOPLIST_FILE = Day60ChallengeJSON/Info.plist;
				IPHONEOS_DEPLOYMENT_TARGET = 14.0;
				LD_RUNPATH_SEARCH_PATHS = (
					"$(inherited)",
					"@executable_path/Frameworks",
				);
				PRODUCT_BUNDLE_IDENTIFIER = com.aljarba.Day60ChallengeJSON;
				PRODUCT_NAME = "$(TARGET_NAME)";
				SWIFT_VERSION = 5.0;
				TARGETED_DEVICE_FAMILY = "1,2";
			};
			name = Release;
		};
/* End XCBuildConfiguration section */

/* Begin XCConfigurationList section */
		D6B649E42616D58100F7821E /* Build configuration list for PBXProject "Day60ChallengeJSON" */ = {
			isa = XCConfigurationList;
			buildConfigurations = (
				D6B649FB2616D58500F7821E /* Debug */,
				D6B649FC2616D58500F7821E /* Release */,
			);
			defaultConfigurationIsVisible = 0;
			defaultConfigurationName = Release;
		};
		D6B649FD2616D58500F7821E /* Build configuration list for PBXNativeTarget "Day60ChallengeJSON" */ = {
			isa = XCConfigurationList;
			buildConfigurations = (
				D6B649FE2616D58500F7821E /* Debug */,
				D6B649FF2616D58500F7821E /* Release */,
			);
			defaultConfigurationIsVisible = 0;
			defaultConfigurationName = Release;
		};
/* End XCConfigurationList section */

/* Begin XCVersionGroup section */
		D6B649F72616D58500F7821E /* Day60ChallengeJSON.xcdatamodeld */ = {
			isa = XCVersionGroup;
			children = (
				D6B649F82616D58500F7821E /* Day60ChallengeJSON.xcdatamodel */,
			);
			currentVersion = D6B649F82616D58500F7821E /* Day60ChallengeJSON.xcdatamodel */;
			path = Day60ChallengeJSON.xcdatamodeld;
			sourceTree = "<group>";
			versionGroupType = wrapper.xcdatamodel;
		};
/* End XCVersionGroup section */
	};
	rootObject = D6B649E12616D58100F7821E /* Project object */;
}
